
Microsoft Visual Studio Solution File, Format Version 12.00
# Visual Studio Version 17
VisualStudioVersion = 17.0.31912.275
MinimumVisualStudioVersion = 10.0.40219.1
Project("{FAE04EC0-301F-11D3-BF4B-00C04F79EFBC}") = "AdventOfCode", "AdventOfCode\AdventOfCode.csproj", "{73836B31-89F1-4948-BCD6-0A6C4DE0A55E}"
EndProject
Global
	GlobalSection(SolutionConfigurationPlatforms) = preSolution
		Debug|Any CPU = Debug|Any CPU
		Release|Any CPU = Release|Any CPU
	EndGlobalSection
	GlobalSection(ProjectConfigurationPlatforms) = postSolution
		{73836B31-89F1-4948-BCD6-0A6C4DE0A55E}.Debug|Any CPU.ActiveCfg = Debug|Any CPU
		{73836B31-89F1-4948-BCD6-0A6C4DE0A55E}.Debug|Any CPU.Build.0 = Debug|Any CPU
		{73836B31-89F1-4948-BCD6-0A6C4DE0A55E}.Release|Any CPU.ActiveCfg = Release|Any CPU
		{73836B31-89F1-4948-BCD6-0A6C4DE0A55E}.Release|Any CPU.Build.0 = Release|Any CPU
	EndGlobalSection
	GlobalSection(SolutionProperties) = preSolution
		HideSolutionNode = FALSE
	EndGlobalSection
	GlobalSection(ExtensibilityGlobals) = postSolution
		SolutionGuid = {950D5D7D-3CD1-4A7B-B721-7890272032A0}
	EndGlobalSection
EndGlobal
